
Microsoft Visual Studio Solution File, Format Version 12.00
# Visual Studio 14
VisualStudioVersion = 14.0.25420.1
MinimumVisualStudioVersion = 10.0.40219.1
Project("{FAE04EC0-301F-11D3-BF4B-00C04F79EFBC}") = "TcpPoc.Server", "TcpPoc.Server\TcpPoc.Server.csproj", "{C6331F40-6E1A-430B-8428-E61385B09A9A}"
EndProject
Project("{FAE04EC0-301F-11D3-BF4B-00C04F79EFBC}") = "TcpPoc.Droid", "TcpPoc.Droid\TcpPoc.Droid.csproj", "{3048DADC-20DB-4703-B527-8FA3B2E39A04}"
EndProject
Project("{FAE04EC0-301F-11D3-BF4B-00C04F79EFBC}") = "TcpPoc.ConsoleClient", "TcpPoc.ConsoleClient\TcpPoc.ConsoleClient.csproj", "{2A841413-90A9-43E5-905A-AD2D74911CD9}"
EndProject
Project("{FAE04EC0-301F-11D3-BF4B-00C04F79EFBC}") = "TcpPoc.Core.Client", "TcpPoc.Core.Client\TcpPoc.Core.Client.csproj", "{A4A0004B-B23D-4FFA-8128-EAF9C11E6088}"
EndProject
Project("{FAE04EC0-301F-11D3-BF4B-00C04F79EFBC}") = "TcpPoc.Apple", "TcpPoc.Apple\TcpPoc.Apple.csproj", "{8D18720D-717D-462A-B21F-60F33FAAA136}"
EndProject
Project("{CC5FD16D-436D-48AD-A40C-5A424C6E3E79}") = "TcpPoc.AzureServer", "TcpPoc.AzureServer\TcpPoc.AzureServer.ccproj", "{2D9E2C51-6858-479F-875B-12BD49A56590}"
EndProject
Project("{FAE04EC0-301F-11D3-BF4B-00C04F79EFBC}") = "TcpServerRole", "TcpServerRole\TcpServerRole.csproj", "{502E17B2-9D6E-4B2A-9D5F-7EFCA5AAE7F0}"
EndProject
Global
	GlobalSection(SolutionConfigurationPlatforms) = preSolution
		Ad-Hoc|Any CPU = Ad-Hoc|Any CPU
		Ad-Hoc|iPhone = Ad-Hoc|iPhone
		Ad-Hoc|iPhoneSimulator = Ad-Hoc|iPhoneSimulator
		AppStore|Any CPU = AppStore|Any CPU
		AppStore|iPhone = AppStore|iPhone
		AppStore|iPhoneSimulator = AppStore|iPhoneSimulator
		Debug|Any CPU = Debug|Any CPU
		Debug|iPhone = Debug|iPhone
		Debug|iPhoneSimulator = Debug|iPhoneSimulator
		Release|Any CPU = Release|Any CPU
		Release|iPhone = Release|iPhone
		Release|iPhoneSimulator = Release|iPhoneSimulator
	EndGlobalSection
	GlobalSection(ProjectConfigurationPlatforms) = postSolution
		{C6331F40-6E1A-430B-8428-E61385B09A9A}.Ad-Hoc|Any CPU.ActiveCfg = Release|Any CPU
		{C6331F40-6E1A-430B-8428-E61385B09A9A}.Ad-Hoc|Any CPU.Build.0 = Release|Any CPU
		{C6331F40-6E1A-430B-8428-E61385B09A9A}.Ad-Hoc|iPhone.ActiveCfg = Release|Any CPU
		{C6331F40-6E1A-430B-8428-E61385B09A9A}.Ad-Hoc|iPhone.Build.0 = Release|Any CPU
		{C6331F40-6E1A-430B-8428-E61385B09A9A}.Ad-Hoc|iPhoneSimulator.ActiveCfg = Release|Any CPU
		{C6331F40-6E1A-430B-8428-E61385B09A9A}.Ad-Hoc|iPhoneSimulator.Build.0 = Release|Any CPU
		{C6331F40-6E1A-430B-8428-E61385B09A9A}.AppStore|Any CPU.ActiveCfg = Release|Any CPU
		{C6331F40-6E1A-430B-8428-E61385B09A9A}.AppStore|Any CPU.Build.0 = Release|Any CPU
		{C6331F40-6E1A-430B-8428-E61385B09A9A}.AppStore|iPhone.ActiveCfg = Release|Any CPU
		{C6331F40-6E1A-430B-8428-E61385B09A9A}.AppStore|iPhone.Build.0 = Release|Any CPU
		{C6331F40-6E1A-430B-8428-E61385B09A9A}.AppStore|iPhoneSimulator.ActiveCfg = Release|Any CPU
		{C6331F40-6E1A-430B-8428-E61385B09A9A}.AppStore|iPhoneSimulator.Build.0 = Release|Any CPU
		{C6331F40-6E1A-430B-8428-E61385B09A9A}.Debug|Any CPU.ActiveCfg = Debug|Any CPU
		{C6331F40-6E1A-430B-8428-E61385B09A9A}.Debug|Any CPU.Build.0 = Debug|Any CPU
		{C6331F40-6E1A-430B-8428-E61385B09A9A}.Debug|iPhone.ActiveCfg = Debug|Any CPU
		{C6331F40-6E1A-430B-8428-E61385B09A9A}.Debug|iPhone.Build.0 = Debug|Any CPU
		{C6331F40-6E1A-430B-8428-E61385B09A9A}.Debug|iPhoneSimulator.ActiveCfg = Debug|Any CPU
		{C6331F40-6E1A-430B-8428-E61385B09A9A}.Debug|iPhoneSimulator.Build.0 = Debug|Any CPU
		{C6331F40-6E1A-430B-8428-E61385B09A9A}.Release|Any CPU.ActiveCfg = Release|Any CPU
		{C6331F40-6E1A-430B-8428-E61385B09A9A}.Release|Any CPU.Build.0 = Release|Any CPU
		{C6331F40-6E1A-430B-8428-E61385B09A9A}.Release|iPhone.ActiveCfg = Release|Any CPU
		{C6331F40-6E1A-430B-8428-E61385B09A9A}.Release|iPhone.Build.0 = Release|Any CPU
		{C6331F40-6E1A-430B-8428-E61385B09A9A}.Release|iPhoneSimulator.ActiveCfg = Release|Any CPU
		{C6331F40-6E1A-430B-8428-E61385B09A9A}.Release|iPhoneSimulator.Build.0 = Release|Any CPU
		{3048DADC-20DB-4703-B527-8FA3B2E39A04}.Ad-Hoc|Any CPU.ActiveCfg = Release|Any CPU
		{3048DADC-20DB-4703-B527-8FA3B2E39A04}.Ad-Hoc|Any CPU.Build.0 = Release|Any CPU
		{3048DADC-20DB-4703-B527-8FA3B2E39A04}.Ad-Hoc|Any CPU.Deploy.0 = Release|Any CPU
		{3048DADC-20DB-4703-B527-8FA3B2E39A04}.Ad-Hoc|iPhone.ActiveCfg = Release|Any CPU
		{3048DADC-20DB-4703-B527-8FA3B2E39A04}.Ad-Hoc|iPhone.Build.0 = Release|Any CPU
		{3048DADC-20DB-4703-B527-8FA3B2E39A04}.Ad-Hoc|iPhone.Deploy.0 = Release|Any CPU
		{3048DADC-20DB-4703-B527-8FA3B2E39A04}.Ad-Hoc|iPhoneSimulator.ActiveCfg = Release|Any CPU
		{3048DADC-20DB-4703-B527-8FA3B2E39A04}.Ad-Hoc|iPhoneSimulator.Build.0 = Release|Any CPU
		{3048DADC-20DB-4703-B527-8FA3B2E39A04}.Ad-Hoc|iPhoneSimulator.Deploy.0 = Release|Any CPU
		{3048DADC-20DB-4703-B527-8FA3B2E39A04}.AppStore|Any CPU.ActiveCfg = Release|Any CPU
		{3048DADC-20DB-4703-B527-8FA3B2E39A04}.AppStore|Any CPU.Build.0 = Release|Any CPU
		{3048DADC-20DB-4703-B527-8FA3B2E39A04}.AppStore|Any CPU.Deploy.0 = Release|Any CPU
		{3048DADC-20DB-4703-B527-8FA3B2E39A04}.AppStore|iPhone.ActiveCfg = Release|Any CPU
		{3048DADC-20DB-4703-B527-8FA3B2E39A04}.AppStore|iPhone.Build.0 = Release|Any CPU
		{3048DADC-20DB-4703-B527-8FA3B2E39A04}.AppStore|iPhone.Deploy.0 = Release|Any CPU
		{3048DADC-20DB-4703-B527-8FA3B2E39A04}.AppStore|iPhoneSimulator.ActiveCfg = Release|Any CPU
		{3048DADC-20DB-4703-B527-8FA3B2E39A04}.AppStore|iPhoneSimulator.Build.0 = Release|Any CPU
		{3048DADC-20DB-4703-B527-8FA3B2E39A04}.AppStore|iPhoneSimulator.Deploy.0 = Release|Any CPU
		{3048DADC-20DB-4703-B527-8FA3B2E39A04}.Debug|Any CPU.ActiveCfg = Debug|Any CPU
		{3048DADC-20DB-4703-B527-8FA3B2E39A04}.Debug|Any CPU.Build.0 = Debug|Any CPU
		{3048DADC-20DB-4703-B527-8FA3B2E39A04}.Debug|Any CPU.Deploy.0 = Debug|Any CPU
		{3048DADC-20DB-4703-B527-8FA3B2E39A04}.Debug|iPhone.ActiveCfg = Debug|Any CPU
		{3048DADC-20DB-4703-B527-8FA3B2E39A04}.Debug|iPhone.Build.0 = Debug|Any CPU
		{3048DADC-20DB-4703-B527-8FA3B2E39A04}.Debug|iPhone.Deploy.0 = Debug|Any CPU
		{3048DADC-20DB-4703-B527-8FA3B2E39A04}.Debug|iPhoneSimulator.ActiveCfg = Debug|Any CPU
		{3048DADC-20DB-4703-B527-8FA3B2E39A04}.Debug|iPhoneSimulator.Build.0 = Debug|Any CPU
		{3048DADC-20DB-4703-B527-8FA3B2E39A04}.Debug|iPhoneSimulator.Deploy.0 = Debug|Any CPU
		{3048DADC-20DB-4703-B527-8FA3B2E39A04}.Release|Any CPU.ActiveCfg = Release|Any CPU
		{3048DADC-20DB-4703-B527-8FA3B2E39A04}.Release|Any CPU.Build.0 = Release|Any CPU
		{3048DADC-20DB-4703-B527-8FA3B2E39A04}.Release|Any CPU.Deploy.0 = Release|Any CPU
		{3048DADC-20DB-4703-B527-8FA3B2E39A04}.Release|iPhone.ActiveCfg = Release|Any CPU
		{3048DADC-20DB-4703-B527-8FA3B2E39A04}.Release|iPhone.Build.0 = Release|Any CPU
		{3048DADC-20DB-4703-B527-8FA3B2E39A04}.Release|iPhone.Deploy.0 = Release|Any CPU
		{3048DADC-20DB-4703-B527-8FA3B2E39A04}.Release|iPhoneSimulator.ActiveCfg = Release|Any CPU
		{3048DADC-20DB-4703-B527-8FA3B2E39A04}.Release|iPhoneSimulator.Build.0 = Release|Any CPU
		{3048DADC-20DB-4703-B527-8FA3B2E39A04}.Release|iPhoneSimulator.Deploy.0 = Release|Any CPU
		{2A841413-90A9-43E5-905A-AD2D74911CD9}.Ad-Hoc|Any CPU.ActiveCfg = Release|Any CPU
		{2A841413-90A9-43E5-905A-AD2D74911CD9}.Ad-Hoc|Any CPU.Build.0 = Release|Any CPU
		{2A841413-90A9-43E5-905A-AD2D74911CD9}.Ad-Hoc|iPhone.ActiveCfg = Release|Any CPU
		{2A841413-90A9-43E5-905A-AD2D74911CD9}.Ad-Hoc|iPhone.Build.0 = Release|Any CPU
		{2A841413-90A9-43E5-905A-AD2D74911CD9}.Ad-Hoc|iPhoneSimulator.ActiveCfg = Release|Any CPU
		{2A841413-90A9-43E5-905A-AD2D74911CD9}.Ad-Hoc|iPhoneSimulator.Build.0 = Release|Any CPU
		{2A841413-90A9-43E5-905A-AD2D74911CD9}.AppStore|Any CPU.ActiveCfg = Release|Any CPU
		{2A841413-90A9-43E5-905A-AD2D74911CD9}.AppStore|Any CPU.Build.0 = Release|Any CPU
		{2A841413-90A9-43E5-905A-AD2D74911CD9}.AppStore|iPhone.ActiveCfg = Release|Any CPU
		{2A841413-90A9-43E5-905A-AD2D74911CD9}.AppStore|iPhone.Build.0 = Release|Any CPU
		{2A841413-90A9-43E5-905A-AD2D74911CD9}.AppStore|iPhoneSimulator.ActiveCfg = Release|Any CPU
		{2A841413-90A9-43E5-905A-AD2D74911CD9}.AppStore|iPhoneSimulator.Build.0 = Release|Any CPU
		{2A841413-90A9-43E5-905A-AD2D74911CD9}.Debug|Any CPU.ActiveCfg = Debug|Any CPU
		{2A841413-90A9-43E5-905A-AD2D74911CD9}.Debug|Any CPU.Build.0 = Debug|Any CPU
		{2A841413-90A9-43E5-905A-AD2D74911CD9}.Debug|iPhone.ActiveCfg = Debug|Any CPU
		{2A841413-90A9-43E5-905A-AD2D74911CD9}.Debug|iPhone.Build.0 = Debug|Any CPU
		{2A841413-90A9-43E5-905A-AD2D74911CD9}.Debug|iPhoneSimulator.ActiveCfg = Debug|Any CPU
		{2A841413-90A9-43E5-905A-AD2D74911CD9}.Debug|iPhoneSimulator.Build.0 = Debug|Any CPU
		{2A841413-90A9-43E5-905A-AD2D74911CD9}.Release|Any CPU.ActiveCfg = Release|Any CPU
		{2A841413-90A9-43E5-905A-AD2D74911CD9}.Release|Any CPU.Build.0 = Release|Any CPU
		{2A841413-90A9-43E5-905A-AD2D74911CD9}.Release|iPhone.ActiveCfg = Release|Any CPU
		{2A841413-90A9-43E5-905A-AD2D74911CD9}.Release|iPhone.Build.0 = Release|Any CPU
		{2A841413-90A9-43E5-905A-AD2D74911CD9}.Release|iPhoneSimulator.ActiveCfg = Release|Any CPU
		{2A841413-90A9-43E5-905A-AD2D74911CD9}.Release|iPhoneSimulator.Build.0 = Release|Any CPU
		{A4A0004B-B23D-4FFA-8128-EAF9C11E6088}.Ad-Hoc|Any CPU.ActiveCfg = Release|Any CPU
		{A4A0004B-B23D-4FFA-8128-EAF9C11E6088}.Ad-Hoc|Any CPU.Build.0 = Release|Any CPU
		{A4A0004B-B23D-4FFA-8128-EAF9C11E6088}.Ad-Hoc|iPhone.ActiveCfg = Release|Any CPU
		{A4A0004B-B23D-4FFA-8128-EAF9C11E6088}.Ad-Hoc|iPhone.Build.0 = Release|Any CPU
		{A4A0004B-B23D-4FFA-8128-EAF9C11E6088}.Ad-Hoc|iPhoneSimulator.ActiveCfg = Release|Any CPU
		{A4A0004B-B23D-4FFA-8128-EAF9C11E6088}.Ad-Hoc|iPhoneSimulator.Build.0 = Release|Any CPU
		{A4A0004B-B23D-4FFA-8128-EAF9C11E6088}.AppStore|Any CPU.ActiveCfg = Release|Any CPU
		{A4A0004B-B23D-4FFA-8128-EAF9C11E6088}.AppStore|Any CPU.Build.0 = Release|Any CPU
		{A4A0004B-B23D-4FFA-8128-EAF9C11E6088}.AppStore|iPhone.ActiveCfg = Release|Any CPU
		{A4A0004B-B23D-4FFA-8128-EAF9C11E6088}.AppStore|iPhone.Build.0 = Release|Any CPU
		{A4A0004B-B23D-4FFA-8128-EAF9C11E6088}.AppStore|iPhoneSimulator.ActiveCfg = Release|Any CPU
		{A4A0004B-B23D-4FFA-8128-EAF9C11E6088}.AppStore|iPhoneSimulator.Build.0 = Release|Any CPU
		{A4A0004B-B23D-4FFA-8128-EAF9C11E6088}.Debug|Any CPU.ActiveCfg = Debug|Any CPU
		{A4A0004B-B23D-4FFA-8128-EAF9C11E6088}.Debug|Any CPU.Build.0 = Debug|Any CPU
		{A4A0004B-B23D-4FFA-8128-EAF9C11E6088}.Debug|iPhone.ActiveCfg = Debug|Any CPU
		{A4A0004B-B23D-4FFA-8128-EAF9C11E6088}.Debug|iPhone.Build.0 = Debug|Any CPU
		{A4A0004B-B23D-4FFA-8128-EAF9C11E6088}.Debug|iPhoneSimulator.ActiveCfg = Debug|Any CPU
		{A4A0004B-B23D-4FFA-8128-EAF9C11E6088}.Debug|iPhoneSimulator.Build.0 = Debug|Any CPU
		{A4A0004B-B23D-4FFA-8128-EAF9C11E6088}.Release|Any CPU.ActiveCfg = Release|Any CPU
		{A4A0004B-B23D-4FFA-8128-EAF9C11E6088}.Release|Any CPU.Build.0 = Release|Any CPU
		{A4A0004B-B23D-4FFA-8128-EAF9C11E6088}.Release|iPhone.ActiveCfg = Release|Any CPU
		{A4A0004B-B23D-4FFA-8128-EAF9C11E6088}.Release|iPhone.Build.0 = Release|Any CPU
		{A4A0004B-B23D-4FFA-8128-EAF9C11E6088}.Release|iPhoneSimulator.ActiveCfg = Release|Any CPU
		{A4A0004B-B23D-4FFA-8128-EAF9C11E6088}.Release|iPhoneSimulator.Build.0 = Release|Any CPU
		{8D18720D-717D-462A-B21F-60F33FAAA136}.Ad-Hoc|Any CPU.ActiveCfg = Ad-Hoc|iPhone
		{8D18720D-717D-462A-B21F-60F33FAAA136}.Ad-Hoc|iPhone.ActiveCfg = Ad-Hoc|iPhone
		{8D18720D-717D-462A-B21F-60F33FAAA136}.Ad-Hoc|iPhone.Build.0 = Ad-Hoc|iPhone
		{8D18720D-717D-462A-B21F-60F33FAAA136}.Ad-Hoc|iPhoneSimulator.ActiveCfg = Ad-Hoc|iPhoneSimulator
		{8D18720D-717D-462A-B21F-60F33FAAA136}.Ad-Hoc|iPhoneSimulator.Build.0 = Ad-Hoc|iPhoneSimulator
		{8D18720D-717D-462A-B21F-60F33FAAA136}.AppStore|Any CPU.ActiveCfg = AppStore|iPhone
		{8D18720D-717D-462A-B21F-60F33FAAA136}.AppStore|iPhone.ActiveCfg = AppStore|iPhone
		{8D18720D-717D-462A-B21F-60F33FAAA136}.AppStore|iPhone.Build.0 = AppStore|iPhone
		{8D18720D-717D-462A-B21F-60F33FAAA136}.AppStore|iPhoneSimulator.ActiveCfg = AppStore|iPhoneSimulator
		{8D18720D-717D-462A-B21F-60F33FAAA136}.AppStore|iPhoneSimulator.Build.0 = AppStore|iPhoneSimulator
		{8D18720D-717D-462A-B21F-60F33FAAA136}.Debug|Any CPU.ActiveCfg = Debug|iPhone
		{8D18720D-717D-462A-B21F-60F33FAAA136}.Debug|iPhone.ActiveCfg = Debug|iPhone
		{8D18720D-717D-462A-B21F-60F33FAAA136}.Debug|iPhone.Build.0 = Debug|iPhone
		{8D18720D-717D-462A-B21F-60F33FAAA136}.Debug|iPhoneSimulator.ActiveCfg = Debug|iPhoneSimulator
		{8D18720D-717D-462A-B21F-60F33FAAA136}.Debug|iPhoneSimulator.Build.0 = Debug|iPhoneSimulator
		{8D18720D-717D-462A-B21F-60F33FAAA136}.Release|Any CPU.ActiveCfg = Release|iPhone
		{8D18720D-717D-462A-B21F-60F33FAAA136}.Release|iPhone.ActiveCfg = Release|iPhone
		{8D18720D-717D-462A-B21F-60F33FAAA136}.Release|iPhone.Build.0 = Release|iPhone
		{8D18720D-717D-462A-B21F-60F33FAAA136}.Release|iPhoneSimulator.ActiveCfg = Release|iPhoneSimulator
		{8D18720D-717D-462A-B21F-60F33FAAA136}.Release|iPhoneSimulator.Build.0 = Release|iPhoneSimulator
		{2D9E2C51-6858-479F-875B-12BD49A56590}.Ad-Hoc|Any CPU.ActiveCfg = Release|Any CPU
		{2D9E2C51-6858-479F-875B-12BD49A56590}.Ad-Hoc|Any CPU.Build.0 = Release|Any CPU
		{2D9E2C51-6858-479F-875B-12BD49A56590}.Ad-Hoc|iPhone.ActiveCfg = Release|Any CPU
		{2D9E2C51-6858-479F-875B-12BD49A56590}.Ad-Hoc|iPhone.Build.0 = Release|Any CPU
		{2D9E2C51-6858-479F-875B-12BD49A56590}.Ad-Hoc|iPhoneSimulator.ActiveCfg = Release|Any CPU
		{2D9E2C51-6858-479F-875B-12BD49A56590}.Ad-Hoc|iPhoneSimulator.Build.0 = Release|Any CPU
		{2D9E2C51-6858-479F-875B-12BD49A56590}.AppStore|Any CPU.ActiveCfg = Release|Any CPU
		{2D9E2C51-6858-479F-875B-12BD49A56590}.AppStore|Any CPU.Build.0 = Release|Any CPU
		{2D9E2C51-6858-479F-875B-12BD49A56590}.AppStore|iPhone.ActiveCfg = Release|Any CPU
		{2D9E2C51-6858-479F-875B-12BD49A56590}.AppStore|iPhone.Build.0 = Release|Any CPU
		{2D9E2C51-6858-479F-875B-12BD49A56590}.AppStore|iPhoneSimulator.ActiveCfg = Release|Any CPU
		{2D9E2C51-6858-479F-875B-12BD49A56590}.AppStore|iPhoneSimulator.Build.0 = Release|Any CPU
		{2D9E2C51-6858-479F-875B-12BD49A56590}.Debug|Any CPU.ActiveCfg = Debug|Any CPU
		{2D9E2C51-6858-479F-875B-12BD49A56590}.Debug|Any CPU.Build.0 = Debug|Any CPU
		{2D9E2C51-6858-479F-875B-12BD49A56590}.Debug|iPhone.ActiveCfg = Debug|Any CPU
		{2D9E2C51-6858-479F-875B-12BD49A56590}.Debug|iPhone.Build.0 = Debug|Any CPU
		{2D9E2C51-6858-479F-875B-12BD49A56590}.Debug|iPhoneSimulator.ActiveCfg = Debug|Any CPU
		{2D9E2C51-6858-479F-875B-12BD49A56590}.Debug|iPhoneSimulator.Build.0 = Debug|Any CPU
		{2D9E2C51-6858-479F-875B-12BD49A56590}.Release|Any CPU.ActiveCfg = Release|Any CPU
		{2D9E2C51-6858-479F-875B-12BD49A56590}.Release|Any CPU.Build.0 = Release|Any CPU
		{2D9E2C51-6858-479F-875B-12BD49A56590}.Release|iPhone.ActiveCfg = Release|Any CPU
		{2D9E2C51-6858-479F-875B-12BD49A56590}.Release|iPhone.Build.0 = Release|Any CPU
		{2D9E2C51-6858-479F-875B-12BD49A56590}.Release|iPhoneSimulator.ActiveCfg = Release|Any CPU
		{2D9E2C51-6858-479F-875B-12BD49A56590}.Release|iPhoneSimulator.Build.0 = Release|Any CPU
		{502E17B2-9D6E-4B2A-9D5F-7EFCA5AAE7F0}.Ad-Hoc|Any CPU.ActiveCfg = Release|Any CPU
		{502E17B2-9D6E-4B2A-9D5F-7EFCA5AAE7F0}.Ad-Hoc|Any CPU.Build.0 = Release|Any CPU
		{502E17B2-9D6E-4B2A-9D5F-7EFCA5AAE7F0}.Ad-Hoc|iPhone.ActiveCfg = Release|Any CPU
		{502E17B2-9D6E-4B2A-9D5F-7EFCA5AAE7F0}.Ad-Hoc|iPhone.Build.0 = Release|Any CPU
		{502E17B2-9D6E-4B2A-9D5F-7EFCA5AAE7F0}.Ad-Hoc|iPhoneSimulator.ActiveCfg = Release|Any CPU
		{502E17B2-9D6E-4B2A-9D5F-7EFCA5AAE7F0}.Ad-Hoc|iPhoneSimulator.Build.0 = Release|Any CPU
		{502E17B2-9D6E-4B2A-9D5F-7EFCA5AAE7F0}.AppStore|Any CPU.ActiveCfg = Release|Any CPU
		{502E17B2-9D6E-4B2A-9D5F-7EFCA5AAE7F0}.AppStore|Any CPU.Build.0 = Release|Any CPU
		{502E17B2-9D6E-4B2A-9D5F-7EFCA5AAE7F0}.AppStore|iPhone.ActiveCfg = Release|Any CPU
		{502E17B2-9D6E-4B2A-9D5F-7EFCA5AAE7F0}.AppStore|iPhone.Build.0 = Release|Any CPU
		{502E17B2-9D6E-4B2A-9D5F-7EFCA5AAE7F0}.AppStore|iPhoneSimulator.ActiveCfg = Release|Any CPU
		{502E17B2-9D6E-4B2A-9D5F-7EFCA5AAE7F0}.AppStore|iPhoneSimulator.Build.0 = Release|Any CPU
		{502E17B2-9D6E-4B2A-9D5F-7EFCA5AAE7F0}.Debug|Any CPU.ActiveCfg = Debug|Any CPU
		{502E17B2-9D6E-4B2A-9D5F-7EFCA5AAE7F0}.Debug|Any CPU.Build.0 = Debug|Any CPU
		{502E17B2-9D6E-4B2A-9D5F-7EFCA5AAE7F0}.Debug|iPhone.ActiveCfg = Debug|Any CPU
		{502E17B2-9D6E-4B2A-9D5F-7EFCA5AAE7F0}.Debug|iPhone.Build.0 = Debug|Any CPU
		{502E17B2-9D6E-4B2A-9D5F-7EFCA5AAE7F0}.Debug|iPhoneSimulator.ActiveCfg = Debug|Any CPU
		{502E17B2-9D6E-4B2A-9D5F-7EFCA5AAE7F0}.Debug|iPhoneSimulator.Build.0 = Debug|Any CPU
		{502E17B2-9D6E-4B2A-9D5F-7EFCA5AAE7F0}.Release|Any CPU.ActiveCfg = Release|Any CPU
		{502E17B2-9D6E-4B2A-9D5F-7EFCA5AAE7F0}.Release|Any CPU.Build.0 = Release|Any CPU
		{502E17B2-9D6E-4B2A-9D5F-7EFCA5AAE7F0}.Release|iPhone.ActiveCfg = Release|Any CPU
		{502E17B2-9D6E-4B2A-9D5F-7EFCA5AAE7F0}.Release|iPhone.Build.0 = Release|Any CPU
		{502E17B2-9D6E-4B2A-9D5F-7EFCA5AAE7F0}.Release|iPhoneSimulator.ActiveCfg = Release|Any CPU
		{502E17B2-9D6E-4B2A-9D5F-7EFCA5AAE7F0}.Release|iPhoneSimulator.Build.0 = Release|Any CPU
	EndGlobalSection
	GlobalSection(SolutionProperties) = preSolution
		HideSolutionNode = FALSE
	EndGlobalSection
EndGlobal
